
Microsoft Visual Studio Solution File, Format Version 12.00
# Visual Studio Version 17
VisualStudioVersion = 17.5.33424.131
MinimumVisualStudioVersion = 10.0.40219.1
Project("{2150E333-8FDC-42A3-9474-1A3956D46DE8}") = "Solution Items", "Solution Items", "{DE3FA07A-9BC9-4888-A9C4-5041E76F3E2F}"
	ProjectSection(SolutionItems) = preProject
		.editorconfig = .editorconfig
		.gitignore = .gitignore
		.projects = .projects
		.version = .version
		Directory.Build.props = Directory.Build.props
		LICENSE = LICENSE
		pack.ps1 = pack.ps1
	EndProjectSection
EndProject
Project("{FAE04EC0-301F-11D3-BF4B-00C04F79EFBC}") = "Albatross.Expression", "Albatross.Expression\Albatross.Expression.csproj", "{E1C2AC54-1972-5E87-368F-836044E0484A}"
EndProject
Project("{FAE04EC0-301F-11D3-BF4B-00C04F79EFBC}") = "Albatross.Expression.Test", "Albatross.Expression.Test\Albatross.Expression.Test.csproj", "{F6C3DC8E-840E-4551-38D4-A805C951FD65}"
EndProject
Project("{FAE04EC0-301F-11D3-BF4B-00C04F79EFBC}") = "Albatross.Expression.Utility", "Albatross.Expression.Utility\Albatross.Expression.Utility.csproj", "{E766329A-BBAE-2392-751C-2580485C8176}"
EndProject
Global
	GlobalSection(SolutionConfigurationPlatforms) = preSolution
		Debug|Any CPU = Debug|Any CPU
		Release|Any CPU = Release|Any CPU
	EndGlobalSection
	GlobalSection(ProjectConfigurationPlatforms) = postSolution
		{E1C2AC54-1972-5E87-368F-836044E0484A}.Debug|Any CPU.ActiveCfg = Debug|Any CPU
		{E1C2AC54-1972-5E87-368F-836044E0484A}.Debug|Any CPU.Build.0 = Debug|Any CPU
		{E1C2AC54-1972-5E87-368F-836044E0484A}.Release|Any CPU.ActiveCfg = Release|Any CPU
		{E1C2AC54-1972-5E87-368F-836044E0484A}.Release|Any CPU.Build.0 = Release|Any CPU
		{F6C3DC8E-840E-4551-38D4-A805C951FD65}.Debug|Any CPU.ActiveCfg = Debug|Any CPU
		{F6C3DC8E-840E-4551-38D4-A805C951FD65}.Debug|Any CPU.Build.0 = Debug|Any CPU
		{F6C3DC8E-840E-4551-38D4-A805C951FD65}.Release|Any CPU.ActiveCfg = Release|Any CPU
		{F6C3DC8E-840E-4551-38D4-A805C951FD65}.Release|Any CPU.Build.0 = Release|Any CPU
		{E766329A-BBAE-2392-751C-2580485C8176}.Debug|Any CPU.ActiveCfg = Debug|Any CPU
		{E766329A-BBAE-2392-751C-2580485C8176}.Debug|Any CPU.Build.0 = Debug|Any CPU
		{E766329A-BBAE-2392-751C-2580485C8176}.Release|Any CPU.ActiveCfg = Release|Any CPU
		{E766329A-BBAE-2392-751C-2580485C8176}.Release|Any CPU.Build.0 = Release|Any CPU
	EndGlobalSection
	GlobalSection(SolutionProperties) = preSolution
		HideSolutionNode = FALSE
	EndGlobalSection
	GlobalSection(ExtensibilityGlobals) = postSolution
		SolutionGuid = {FAFF1D16-A575-4662-8397-DF42D82CE6EF}
	EndGlobalSection
EndGlobal
