
Microsoft Visual Studio Solution File, Format Version 12.00
# Visual Studio 15
VisualStudioVersion = 15.0.27130.0
MinimumVisualStudioVersion = 10.0.40219.1
Project("{9A19103F-16F7-4668-BE54-9A1E7A4F7556}") = "Albatross.Expression", "Albatross.Expression\Albatross.Expression.csproj", "{0A8D11A1-E05A-425E-957A-197E07683B1B}"
EndProject
Project("{9A19103F-16F7-4668-BE54-9A1E7A4F7556}") = "Albatross.Expression.Test", "Albatross.Expression.Test\Albatross.Expression.Test.csproj", "{EA9C58B6-95F2-452A-AEC1-4509F5D75F85}"
EndProject
Global
	GlobalSection(SolutionConfigurationPlatforms) = preSolution
		Debug|Any CPU = Debug|Any CPU
		Release|Any CPU = Release|Any CPU
	EndGlobalSection
	GlobalSection(ProjectConfigurationPlatforms) = postSolution
		{0A8D11A1-E05A-425E-957A-197E07683B1B}.Debug|Any CPU.ActiveCfg = Debug|Any CPU
		{0A8D11A1-E05A-425E-957A-197E07683B1B}.Debug|Any CPU.Build.0 = Debug|Any CPU
		{0A8D11A1-E05A-425E-957A-197E07683B1B}.Release|Any CPU.ActiveCfg = Release|Any CPU
		{0A8D11A1-E05A-425E-957A-197E07683B1B}.Release|Any CPU.Build.0 = Release|Any CPU
		{EA9C58B6-95F2-452A-AEC1-4509F5D75F85}.Debug|Any CPU.ActiveCfg = Debug|Any CPU
		{EA9C58B6-95F2-452A-AEC1-4509F5D75F85}.Debug|Any CPU.Build.0 = Debug|Any CPU
		{EA9C58B6-95F2-452A-AEC1-4509F5D75F85}.Release|Any CPU.ActiveCfg = Release|Any CPU
		{EA9C58B6-95F2-452A-AEC1-4509F5D75F85}.Release|Any CPU.Build.0 = Release|Any CPU
	EndGlobalSection
	GlobalSection(SolutionProperties) = preSolution
		HideSolutionNode = FALSE
	EndGlobalSection
	GlobalSection(ExtensibilityGlobals) = postSolution
		SolutionGuid = {FAFF1D16-A575-4662-8397-DF42D82CE6EF}
	EndGlobalSection
EndGlobal
